{
  "lockfileVersion": 1,
  "configVersion": 1,
  "workspaces": {
    "": {
      "devDependencies": {
        "@socketsecurity/bun-security-scanner": "1.1.2",
        "prettier": "3.8.1",
      },
    },
  },
  "packages": {
    "@socketsecurity/bun-security-scanner": ["@socketsecurity/bun-security-scanner@1.1.2", "", {}, "sha512-TdsAg6SMolubyZ6HfIjLWlANfHvhV6i7pdWof4OQ33zPEwXJm2ilA755levHMR618MKq22+06Ag8efiVKowxqA=="],

    "prettier": ["prettier@3.8.1", "", { "bin": { "prettier": "bin/prettier.cjs" } }, "sha512-UOnG6LftzbdaHZcKoPFtOcCKztrQ57WkHDeRD9t/PTQtmT0NHSeWWepj6pS0z/N7+08BHFDQVUrfmfMRcZwbMg=="],
  }
}
